
Microsoft Visual Studio Solution File, Format Version 12.00
# Visual Studio Version 17
VisualStudioVersion = 17.9.34701.34
MinimumVisualStudioVersion = 10.0.40219.1
Project("{9A19103F-16F7-4668-BE54-9A1E7A4F7556}") = "cv_iidx_api", "cv_iidx_api.csproj", "{187012AE-8B1A-4F8D-ADB3-9E8E1B82CC60}"
EndProject
Global
	GlobalSection(SolutionConfigurationPlatforms) = preSolution
		Debug|Any CPU = Debug|Any CPU
		Release|Any CPU = Release|Any CPU
	EndGlobalSection
	GlobalSection(ProjectConfigurationPlatforms) = postSolution
		{187012AE-8B1A-4F8D-ADB3-9E8E1B82CC60}.Debug|Any CPU.ActiveCfg = Debug|Any CPU
		{187012AE-8B1A-4F8D-ADB3-9E8E1B82CC60}.Debug|Any CPU.Build.0 = Debug|Any CPU
		{187012AE-8B1A-4F8D-ADB3-9E8E1B82CC60}.Release|Any CPU.ActiveCfg = Release|Any CPU
		{187012AE-8B1A-4F8D-ADB3-9E8E1B82CC60}.Release|Any CPU.Build.0 = Release|Any CPU
	EndGlobalSection
	GlobalSection(SolutionProperties) = preSolution
		HideSolutionNode = FALSE
	EndGlobalSection
	GlobalSection(ExtensibilityGlobals) = postSolution
		SolutionGuid = {B71CECF5-A566-4824-8821-1C1251A99ABD}
	EndGlobalSection
EndGlobal
